{
  "digest": "f8040097874af40884a6596cc482a242bb83e71048962ef136ff0d368ce3bb8f",
  "packs": {
    "core": {
      "version": "1",
      "source": "embedded",
      "digest": "e8240007f5f61ea872ad727a695441bdef3a343b7046ab5aa08528c6b6ff2fdf"
    },
    "go": {
      "version": "1",
      "source": "embedded",
      "digest": "4ed7917ad2b051f4a9227c6bcb261dde34cc2f07135d6e091e2612107b18b84a"
    }
  }
}
