{
  "digest": "b977253fc0ec0d6ebcbe2f212ab607177d4728e342460fd5a49753b2dfd0c7e3",
  "packs": {
    "core": {
      "version": "1",
      "source": "embedded",
      "digest": "e8240007f5f61ea872ad727a695441bdef3a343b7046ab5aa08528c6b6ff2fdf"
    },
    "swift": {
      "version": "1",
      "source": "embedded",
      "digest": "68f024d5320d774d3ad8e88aa776e5412438d07faa74b5beae02f5b546c51aed"
    }
  }
}
