{
  "digest": "4ffe70d74b5af939597d1240b07a977cde75a0888efbdfa1c2430385e417e3de",
  "packs": {
    "core": {
      "version": "1",
      "source": "embedded",
      "digest": "9d0c2f301cef9b4e57b7582a29778513b98c0e6cfc39c64c2c1e5c5b22145e88"
    },
    "swift": {
      "version": "1",
      "source": "embedded",
      "digest": "1c190c57ec848030a0bd1a45d0992a075e158137d74ddf065ac87aabfdd02799"
    }
  }
}
