{
  "digest": "e0e7576ccd5d013c242f04d317363b8e7d78dbe0265b4381b3b9ca2675643ca0",
  "packs": {
    "core": {
      "version": "1",
      "source": "embedded",
      "digest": "1510713184569f1748191c0a9b930ac200404bd29a96c9fe8609b4bfb9a23d35"
    },
    "swift": {
      "version": "1",
      "source": "embedded",
      "digest": "68f024d5320d774d3ad8e88aa776e5412438d07faa74b5beae02f5b546c51aed"
    }
  }
}
