{
  "digest": "f8040097874af40884a6596cc482a242bb83e71048962ef136ff0d368ce3bb8f",
  "packs": {
    "core": {
      "version": "1",
      "source": "embedded",
      "digest": "e8240007f5f61ea872ad727a695441bdef3a343b7046ab5aa08528c6b6ff2fdf"
    },
    "rust": {
      "version": "1",
      "source": "embedded",
      "digest": "a1496cff0ca6a64094aa106277a6f719fd06b5d81be4b67f4286f122160bad58"
    }
  }
}
