{
  "digest": "b8368b20136f6a038bf04a6fcad326a71f4c3f0bd73aa93b40a2e03eecf420d4",
  "packs": {
    "core": {
      "version": "1",
      "source": "embedded",
      "digest": "c8379e01ac9715d9804b87b0ef433923cd276af5bcb8ba61168d236af6b25f9c"
    },
    "rust": {
      "version": "1",
      "source": "embedded",
      "digest": "8abc790c8670260335346fc1a2844a53c1879312e3214e1ca119064685cb0a7c"
    }
  }
}
