{
  "digest": "f8040097874af40884a6596cc482a242bb83e71048962ef136ff0d368ce3bb8f",
  "packs": {
    "core": {
      "version": "1",
      "source": "embedded",
      "digest": "e8240007f5f61ea872ad727a695441bdef3a343b7046ab5aa08528c6b6ff2fdf"
    },
    "python": {
      "version": "1",
      "source": "embedded",
      "digest": "84ac747af3eeafbb9f4a34e135ca462d1d2c27826b481f813c75792ac7bcbef4"
    }
  }
}
