{
  "digest": "8d6fb7fd40302d54605262833bab78a7edaf2de2476a98a97b67a9f1b536d34c",
  "packs": {
    "core": {
      "version": "1",
      "source": "embedded",
      "digest": "e8240007f5f61ea872ad727a695441bdef3a343b7046ab5aa08528c6b6ff2fdf"
    },
    "python": {
      "version": "1",
      "source": "embedded",
      "digest": "447f6722793d91f8b854345bc0e8b331ba5d34f63b429f45e8c6bd525db0d4ac"
    }
  }
}
