{
  "digest": "e892fb2a12938e299c7ce695af2c298879aa8ea100b83d0472db68cd0f8d0bc6",
  "packs": {
    "core": {
      "version": "1",
      "source": "embedded",
      "digest": "e8240007f5f61ea872ad727a695441bdef3a343b7046ab5aa08528c6b6ff2fdf"
    },
    "python": {
      "version": "1",
      "source": "embedded",
      "digest": "9babacd65c9caa81231d7250d7c8d6107e845564aa3b7720972b9e0ea453e8e6"
    }
  }
}
