{
  "digest": "e892fb2a12938e299c7ce695af2c298879aa8ea100b83d0472db68cd0f8d0bc6",
  "packs": {
    "core": {
      "version": "1",
      "source": "embedded",
      "digest": "e8240007f5f61ea872ad727a695441bdef3a343b7046ab5aa08528c6b6ff2fdf"
    },
    "go": {
      "version": "1",
      "source": "embedded",
      "digest": "967f340ac5587468ca26df78655357d6edeee94a0c404f6d26a0ef96d2ffcc3e"
    }
  }
}
