{
  "digest": "b977253fc0ec0d6ebcbe2f212ab607177d4728e342460fd5a49753b2dfd0c7e3",
  "packs": {
    "core": {
      "version": "1",
      "source": "embedded",
      "digest": "e8240007f5f61ea872ad727a695441bdef3a343b7046ab5aa08528c6b6ff2fdf"
    },
    "typescript": {
      "version": "1",
      "source": "embedded",
      "digest": "4716732042dabc56551e0cfe640353fd7aea9cfe6fe629f92a7ce751388fafb9"
    }
  }
}
