{
  "digest": "ecbac0b313ab42ebbaaf656ac687119785efa5cce6da99c348500527eeb8b8d5",
  "packs": {
    "core": {
      "version": "1",
      "source": "embedded",
      "digest": "482f15e7a5c9ffbb6049342127ac85b5125d717d47dc61f0ce949d94d8e2e3f0"
    },
    "typescript": {
      "version": "1",
      "source": "embedded",
      "digest": "4716732042dabc56551e0cfe640353fd7aea9cfe6fe629f92a7ce751388fafb9"
    }
  }
}
