{
  "digest": "e0e7576ccd5d013c242f04d317363b8e7d78dbe0265b4381b3b9ca2675643ca0",
  "packs": {
    "core": {
      "version": "1",
      "source": "embedded",
      "digest": "1510713184569f1748191c0a9b930ac200404bd29a96c9fe8609b4bfb9a23d35"
    },
    "typescript": {
      "version": "1",
      "source": "embedded",
      "digest": "e6753b8f66884b8b88a39426bd73b3308d553a1405a95c4b6c1fae5ce0c519b1"
    }
  }
}
